version = 1
requires-python = ">=3.12"

[[package]]
name = "kivi-2-0"
version = "0.1.0"
source = { virtual = "." }
dependencies = [
    { name = "sentencepiece" },
]

[package.metadata]
requires-dist = [{ name = "sentencepiece", specifier = ">=0.2.0" }]

[[package]]
name = "sentencepiece"
version = "0.2.0"
source = { registry = "https://pypi.org/simple" }
sdist = { url = "https://files.pythonhosted.org/packages/c9/d2/b9c7ca067c26d8ff085d252c89b5f69609ca93fb85a00ede95f4857865d4/sentencepiece-0.2.0.tar.gz", hash = "sha256:a52c19171daaf2e697dc6cbe67684e0fa341b1248966f6aebb541de654d15843", size = 2632106 }
wheels = [
    { url = "https://files.pythonhosted.org/packages/27/5a/141b227ed54293360a9ffbb7bf8252b4e5efc0400cdeac5809340e5d2b21/sentencepiece-0.2.0-cp312-cp312-macosx_10_9_universal2.whl", hash = "sha256:ea5f536e32ea8ec96086ee00d7a4a131ce583a1b18d130711707c10e69601cb2", size = 2409370 },
    { url = "https://files.pythonhosted.org/packages/2e/08/a4c135ad6fc2ce26798d14ab72790d66e813efc9589fd30a5316a88ca8d5/sentencepiece-0.2.0-cp312-cp312-macosx_10_9_x86_64.whl", hash = "sha256:d0cb51f53b6aae3c36bafe41e86167c71af8370a039f542c43b0cce5ef24a68c", size = 1239288 },
    { url = "https://files.pythonhosted.org/packages/49/0a/2fe387f825ac5aad5a0bfe221904882106cac58e1b693ba7818785a882b6/sentencepiece-0.2.0-cp312-cp312-macosx_11_0_arm64.whl", hash = "sha256:3212121805afc58d8b00ab4e7dd1f8f76c203ddb9dc94aa4079618a31cf5da0f", size = 1181597 },
    { url = "https://files.pythonhosted.org/packages/cc/38/e4698ee2293fe4835dc033c49796a39b3eebd8752098f6bd0aa53a14af1f/sentencepiece-0.2.0-cp312-cp312-manylinux_2_17_aarch64.manylinux2014_aarch64.whl", hash = "sha256:2a3149e3066c2a75e0d68a43eb632d7ae728c7925b517f4c05c40f6f7280ce08", size = 1259220 },
    { url = "https://files.pythonhosted.org/packages/12/24/fd7ef967c9dad2f6e6e5386d0cadaf65cda8b7be6e3861a9ab3121035139/sentencepiece-0.2.0-cp312-cp312-manylinux_2_17_i686.manylinux2014_i686.whl", hash = "sha256:632f3594d3e7ac8b367bca204cb3fd05a01d5b21455acd097ea4c0e30e2f63d7", size = 1355962 },
    { url = "https://files.pythonhosted.org/packages/4f/d2/18246f43ca730bb81918f87b7e886531eda32d835811ad9f4657c54eee35/sentencepiece-0.2.0-cp312-cp312-manylinux_2_17_x86_64.manylinux2014_x86_64.whl", hash = "sha256:f295105c6bdbb05bd5e1b0cafbd78ff95036f5d3641e7949455a3f4e5e7c3109", size = 1301706 },
    { url = "https://files.pythonhosted.org/packages/8a/47/ca237b562f420044ab56ddb4c278672f7e8c866e183730a20e413b38a989/sentencepiece-0.2.0-cp312-cp312-win32.whl", hash = "sha256:fb89f811e5efd18bab141afc3fea3de141c3f69f3fe9e898f710ae7fe3aab251", size = 936941 },
    { url = "https://files.pythonhosted.org/packages/c6/97/d159c32642306ee2b70732077632895438867b3b6df282354bd550cf2a67/sentencepiece-0.2.0-cp312-cp312-win_amd64.whl", hash = "sha256:7a673a72aab81fef5ebe755c6e0cc60087d1f3a4700835d40537183c1703a45f", size = 991994 },
]
